
Microsoft Visual Studio Solution File, Format Version 12.00
# Visual Studio Version 16
VisualStudioVersion = 16.0.30404.54
MinimumVisualStudioVersion = 10.0.40219.1
Project("{FAE04EC0-301F-11D3-BF4B-00C04F79EFBC}") = "YeniKonsolProjesi", "YeniKonsolProjesi\YeniKonsolProjesi.csproj", "{2E52CB9E-E304-4723-902E-49E29C6B0512}"
EndProject
Global
	GlobalSection(SolutionConfigurationPlatforms) = preSolution
		Debug|Any CPU = Debug|Any CPU
		Release|Any CPU = Release|Any CPU
	EndGlobalSection
	GlobalSection(ProjectConfigurationPlatforms) = postSolution
		{2E52CB9E-E304-4723-902E-49E29C6B0512}.Debug|Any CPU.ActiveCfg = Debug|Any CPU
		{2E52CB9E-E304-4723-902E-49E29C6B0512}.Debug|Any CPU.Build.0 = Debug|Any CPU
		{2E52CB9E-E304-4723-902E-49E29C6B0512}.Release|Any CPU.ActiveCfg = Release|Any CPU
		{2E52CB9E-E304-4723-902E-49E29C6B0512}.Release|Any CPU.Build.0 = Release|Any CPU
	EndGlobalSection
	GlobalSection(SolutionProperties) = preSolution
		HideSolutionNode = FALSE
	EndGlobalSection
	GlobalSection(ExtensibilityGlobals) = postSolution
		SolutionGuid = {BCCB7260-63C2-4091-A61B-6F2238BB5EB1}
	EndGlobalSection
EndGlobal
